
Microsoft Visual Studio Solution File, Format Version 12.00
# Visual Studio 15
Project("{FAE04EC0-301F-11D3-BF4B-00C04F79EFBC}") = "WorkerServiceOnServiceFabric", "WorkerServiceOnServiceFabric\WorkerServiceOnServiceFabric.csproj", "{BBAD2C43-D36B-4373-B08D-DC0183E7B50A}"
EndProject
Project("{E53339B2-1760-4266-BCC7-CA923CBCF16C}") = "docker-compose", "docker-compose.dcproj", "{F5857DE9-F1DB-48A7-B248-EC137CB78615}"
EndProject
Global
	GlobalSection(SolutionConfigurationPlatforms) = preSolution
		Debug|Any CPU = Debug|Any CPU
		Release|Any CPU = Release|Any CPU
	EndGlobalSection
	GlobalSection(ProjectConfigurationPlatforms) = postSolution
		{BBAD2C43-D36B-4373-B08D-DC0183E7B50A}.Debug|Any CPU.ActiveCfg = Debug|Any CPU
		{BBAD2C43-D36B-4373-B08D-DC0183E7B50A}.Debug|Any CPU.Build.0 = Debug|Any CPU
		{BBAD2C43-D36B-4373-B08D-DC0183E7B50A}.Release|Any CPU.ActiveCfg = Release|Any CPU
		{BBAD2C43-D36B-4373-B08D-DC0183E7B50A}.Release|Any CPU.Build.0 = Release|Any CPU
		{F5857DE9-F1DB-48A7-B248-EC137CB78615}.Debug|Any CPU.ActiveCfg = Debug|Any CPU
		{F5857DE9-F1DB-48A7-B248-EC137CB78615}.Debug|Any CPU.Build.0 = Debug|Any CPU
		{F5857DE9-F1DB-48A7-B248-EC137CB78615}.Release|Any CPU.ActiveCfg = Release|Any CPU
		{F5857DE9-F1DB-48A7-B248-EC137CB78615}.Release|Any CPU.Build.0 = Release|Any CPU
	EndGlobalSection
EndGlobal
